// !$*UTF8*$!
{
	archiveVersion = 1;
	classes = {
	};
	objectVersion = 46;
	objects = {

/* Begin PBXBuildFile section */
		61B4B31C1EA4CDD500A2D0E6 /* ContactsListViewController.swift in Sources */ = {isa = PBXBuildFile; fileRef = 61B4B31B1EA4CDD500A2D0E6 /* ContactsListViewController.swift */; };
		61B4B31E1EA6039700A2D0E6 /* DetailViewController.swift in Sources */ = {isa = PBXBuildFile; fileRef = 61B4B31D1EA6039700A2D0E6 /* DetailViewController.swift */; };
		61B4B3201EA604C500A2D0E6 /* ContactCells.swift in Sources */ = {isa = PBXBuildFile; fileRef = 61B4B31F1EA604C500A2D0E6 /* ContactCells.swift */; };
		61B4B38F1EA8BD9200A2D0E6 /* DetailVCHelper.swift in Sources */ = {isa = PBXBuildFile; fileRef = 61B4B38E1EA8BD9200A2D0E6 /* DetailVCHelper.swift */; };
		61B4B3911EA8BEB200A2D0E6 /* VCHelper.swift in Sources */ = {isa = PBXBuildFile; fileRef = 61B4B3901EA8BEB200A2D0E6 /* VCHelper.swift */; };
		61F4C7F81EA4BE0000ED1081 /* AppDelegate.swift in Sources */ = {isa = PBXBuildFile; fileRef = 61F4C7F71EA4BE0000ED1081 /* AppDelegate.swift */; };
		61F4C7FD1EA4BE0000ED1081 /* Main.storyboard in Resources */ = {isa = PBXBuildFile; fileRef = 61F4C7FB1EA4BE0000ED1081 /* Main.storyboard */; };
		61F4C8001EA4BE0000ED1081 /* PersonContacts.xcdatamodeld in Sources */ = {isa = PBXBuildFile; fileRef = 61F4C7FE1EA4BE0000ED1081 /* PersonContacts.xcdatamodeld */; };
		61F4C8021EA4BE0000ED1081 /* Assets.xcassets in Resources */ = {isa = PBXBuildFile; fileRef = 61F4C8011EA4BE0000ED1081 /* Assets.xcassets */; };
		61F4C8051EA4BE0000ED1081 /* LaunchScreen.storyboard in Resources */ = {isa = PBXBuildFile; fileRef = 61F4C8031EA4BE0000ED1081 /* LaunchScreen.storyboard */; };
		61F4C8101EA4BE0000ED1081 /* PersonContactsTests.swift in Sources */ = {isa = PBXBuildFile; fileRef = 61F4C80F1EA4BE0000ED1081 /* PersonContactsTests.swift */; };
		61F4C81B1EA4BE0000ED1081 /* PersonContactsUITests.swift in Sources */ = {isa = PBXBuildFile; fileRef = 61F4C81A1EA4BE0000ED1081 /* PersonContactsUITests.swift */; };
		61F4C8291EA4BE5B00ED1081 /* ContactsListVCHelper.swift in Sources */ = {isa = PBXBuildFile; fileRef = 61F4C8281EA4BE5B00ED1081 /* ContactsListVCHelper.swift */; };
/* End PBXBuildFile section */

/* Begin PBXContainerItemProxy section */
		61F4C80C1EA4BE0000ED1081 /* PBXContainerItemProxy */ = {
			isa = PBXContainerItemProxy;
			containerPortal = 61F4C7EC1EA4BDFF00ED1081 /* Project object */;
			proxyType = 1;
			remoteGlobalIDString = 61F4C7F31EA4BE0000ED1081;
			remoteInfo = PersonContacts;
		};
		61F4C8171EA4BE0000ED1081 /* PBXContainerItemProxy */ = {
			isa = PBXContainerItemProxy;
			containerPortal = 61F4C7EC1EA4BDFF00ED1081 /* Project object */;
			proxyType = 1;
			remoteGlobalIDString = 61F4C7F31EA4BE0000ED1081;
			remoteInfo = PersonContacts;
		};
/* End PBXContainerItemProxy section */

/* Begin PBXFileReference section */
		61B4B31B1EA4CDD500A2D0E6 /* ContactsListViewController.swift */ = {isa = PBXFileReference; fileEncoding = 4; lastKnownFileType = sourcecode.swift; path = ContactsListViewController.swift; sourceTree = "<group>"; };
		61B4B31D1EA6039700A2D0E6 /* DetailViewController.swift */ = {isa = PBXFileReference; fileEncoding = 4; lastKnownFileType = sourcecode.swift; path = DetailViewController.swift; sourceTree = "<group>"; };
		61B4B31F1EA604C500A2D0E6 /* ContactCells.swift */ = {isa = PBXFileReference; fileEncoding = 4; lastKnownFileType = sourcecode.swift; path = ContactCells.swift; sourceTree = "<group>"; };
		61B4B38E1EA8BD9200A2D0E6 /* DetailVCHelper.swift */ = {isa = PBXFileReference; fileEncoding = 4; lastKnownFileType = sourcecode.swift; path = DetailVCHelper.swift; sourceTree = "<group>"; };
		61B4B3901EA8BEB200A2D0E6 /* VCHelper.swift */ = {isa = PBXFileReference; fileEncoding = 4; lastKnownFileType = sourcecode.swift; path = VCHelper.swift; sourceTree = "<group>"; };
		61F4C7F41EA4BE0000ED1081 /* PersonContacts.app */ = {isa = PBXFileReference; explicitFileType = wrapper.application; includeInIndex = 0; path = PersonContacts.app; sourceTree = BUILT_PRODUCTS_DIR; };
		61F4C7F71EA4BE0000ED1081 /* AppDelegate.swift */ = {isa = PBXFileReference; lastKnownFileType = sourcecode.swift; path = AppDelegate.swift; sourceTree = "<group>"; };
		61F4C7FC1EA4BE0000ED1081 /* Base */ = {isa = PBXFileReference; lastKnownFileType = file.storyboard; name = Base; path = Base.lproj/Main.storyboard; sourceTree = "<group>"; };
		61F4C7FF1EA4BE0000ED1081 /* PersonContacts.xcdatamodel */ = {isa = PBXFileReference; lastKnownFileType = wrapper.xcdatamodel; path = PersonContacts.xcdatamodel; sourceTree = "<group>"; };
		61F4C8011EA4BE0000ED1081 /* Assets.xcassets */ = {isa = PBXFileReference; lastKnownFileType = folder.assetcatalog; path = Assets.xcassets; sourceTree = "<group>"; };
		61F4C8041EA4BE0000ED1081 /* Base */ = {isa = PBXFileReference; lastKnownFileType = file.storyboard; name = Base; path = Base.lproj/LaunchScreen.storyboard; sourceTree = "<group>"; };
		61F4C8061EA4BE0000ED1081 /* Info.plist */ = {isa = PBXFileReference; lastKnownFileType = text.plist.xml; path = Info.plist; sourceTree = "<group>"; };
		61F4C80B1EA4BE0000ED1081 /* PersonContactsTests.xctest */ = {isa = PBXFileReference; explicitFileType = wrapper.cfbundle; includeInIndex = 0; path = PersonContactsTests.xctest; sourceTree = BUILT_PRODUCTS_DIR; };
		61F4C80F1EA4BE0000ED1081 /* PersonContactsTests.swift */ = {isa = PBXFileReference; lastKnownFileType = sourcecode.swift; path = PersonContactsTests.swift; sourceTree = "<group>"; };
		61F4C8111EA4BE0000ED1081 /* Info.plist */ = {isa = PBXFileReference; lastKnownFileType = text.plist.xml; path = Info.plist; sourceTree = "<group>"; };
		61F4C8161EA4BE0000ED1081 /* PersonContactsUITests.xctest */ = {isa = PBXFileReference; explicitFileType = wrapper.cfbundle; includeInIndex = 0; path = PersonContactsUITests.xctest; sourceTree = BUILT_PRODUCTS_DIR; };
		61F4C81A1EA4BE0000ED1081 /* PersonContactsUITests.swift */ = {isa = PBXFileReference; lastKnownFileType = sourcecode.swift; path = PersonContactsUITests.swift; sourceTree = "<group>"; };
		61F4C81C1EA4BE0000ED1081 /* Info.plist */ = {isa = PBXFileReference; lastKnownFileType = text.plist.xml; path = Info.plist; sourceTree = "<group>"; };
		61F4C8281EA4BE5B00ED1081 /* ContactsListVCHelper.swift */ = {isa = PBXFileReference; fileEncoding = 4; lastKnownFileType = sourcecode.swift; path = ContactsListVCHelper.swift; sourceTree = "<group>"; };
/* End PBXFileReference section */

/* Begin PBXFrameworksBuildPhase section */
		61F4C7F11EA4BE0000ED1081 /* Frameworks */ = {
			isa = PBXFrameworksBuildPhase;
			buildActionMask = 2147483647;
			files = (
			);
			runOnlyForDeploymentPostprocessing = 0;
		};
		61F4C8081EA4BE0000ED1081 /* Frameworks */ = {
			isa = PBXFrameworksBuildPhase;
			buildActionMask = 2147483647;
			files = (
			);
			runOnlyForDeploymentPostprocessing = 0;
		};
		61F4C8131EA4BE0000ED1081 /* Frameworks */ = {
			isa = PBXFrameworksBuildPhase;
			buildActionMask = 2147483647;
			files = (
			);
			runOnlyForDeploymentPostprocessing = 0;
		};
/* End PBXFrameworksBuildPhase section */

/* Begin PBXGroup section */
		61F4C7EB1EA4BDFF00ED1081 = {
			isa = PBXGroup;
			children = (
				61B4B31B1EA4CDD500A2D0E6 /* ContactsListViewController.swift */,
				61B4B31F1EA604C500A2D0E6 /* ContactCells.swift */,
				61B4B31D1EA6039700A2D0E6 /* DetailViewController.swift */,
				61F4C8281EA4BE5B00ED1081 /* ContactsListVCHelper.swift */,
				61B4B38E1EA8BD9200A2D0E6 /* DetailVCHelper.swift */,
				61B4B3901EA8BEB200A2D0E6 /* VCHelper.swift */,
				61F4C7F61EA4BE0000ED1081 /* PersonContacts */,
				61F4C80E1EA4BE0000ED1081 /* PersonContactsTests */,
				61F4C8191EA4BE0000ED1081 /* PersonContactsUITests */,
				61F4C7F51EA4BE0000ED1081 /* Products */,
			);
			sourceTree = "<group>";
		};
		61F4C7F51EA4BE0000ED1081 /* Products */ = {
			isa = PBXGroup;
			children = (
				61F4C7F41EA4BE0000ED1081 /* PersonContacts.app */,
				61F4C80B1EA4BE0000ED1081 /* PersonContactsTests.xctest */,
				61F4C8161EA4BE0000ED1081 /* PersonContactsUITests.xctest */,
			);
			name = Products;
			sourceTree = "<group>";
		};
		61F4C7F61EA4BE0000ED1081 /* PersonContacts */ = {
			isa = PBXGroup;
			children = (
				61F4C7F71EA4BE0000ED1081 /* AppDelegate.swift */,
				61F4C7FB1EA4BE0000ED1081 /* Main.storyboard */,
				61F4C8011EA4BE0000ED1081 /* Assets.xcassets */,
				61F4C8031EA4BE0000ED1081 /* LaunchScreen.storyboard */,
				61F4C8061EA4BE0000ED1081 /* Info.plist */,
				61F4C7FE1EA4BE0000ED1081 /* PersonContacts.xcdatamodeld */,
			);
			path = PersonContacts;
			sourceTree = "<group>";
		};
		61F4C80E1EA4BE0000ED1081 /* PersonContactsTests */ = {
			isa = PBXGroup;
			children = (
				61F4C80F1EA4BE0000ED1081 /* PersonContactsTests.swift */,
				61F4C8111EA4BE0000ED1081 /* Info.plist */,
			);
			path = PersonContactsTests;
			sourceTree = "<group>";
		};
		61F4C8191EA4BE0000ED1081 /* PersonContactsUITests */ = {
			isa = PBXGroup;
			children = (
				61F4C81A1EA4BE0000ED1081 /* PersonContactsUITests.swift */,
				61F4C81C1EA4BE0000ED1081 /* Info.plist */,
			);
			path = PersonContactsUITests;
			sourceTree = "<group>";
		};
/* End PBXGroup section */

/* Begin PBXNativeTarget section */
		61F4C7F31EA4BE0000ED1081 /* PersonContacts */ = {
			isa = PBXNativeTarget;
			buildConfigurationList = 61F4C81F1EA4BE0000ED1081 /* Build configuration list for PBXNativeTarget "PersonContacts" */;
			buildPhases = (
				61F4C7F01EA4BE0000ED1081 /* Sources */,
				61F4C7F11EA4BE0000ED1081 /* Frameworks */,
				61F4C7F21EA4BE0000ED1081 /* Resources */,
			);
			buildRules = (
			);
			dependencies = (
			);
			name = PersonContacts;
			productName = PersonContacts;
			productReference = 61F4C7F41EA4BE0000ED1081 /* PersonContacts.app */;
			productType = "com.apple.product-type.application";
		};
		61F4C80A1EA4BE0000ED1081 /* PersonContactsTests */ = {
			isa = PBXNativeTarget;
			buildConfigurationList = 61F4C8221EA4BE0000ED1081 /* Build configuration list for PBXNativeTarget "PersonContactsTests" */;
			buildPhases = (
				61F4C8071EA4BE0000ED1081 /* Sources */,
				61F4C8081EA4BE0000ED1081 /* Frameworks */,
				61F4C8091EA4BE0000ED1081 /* Resources */,
			);
			buildRules = (
			);
			dependencies = (
				61F4C80D1EA4BE0000ED1081 /* PBXTargetDependency */,
			);
			name = PersonContactsTests;
			productName = PersonContactsTests;
			productReference = 61F4C80B1EA4BE0000ED1081 /* PersonContactsTests.xctest */;
			productType = "com.apple.product-type.bundle.unit-test";
		};
		61F4C8151EA4BE0000ED1081 /* PersonContactsUITests */ = {
			isa = PBXNativeTarget;
			buildConfigurationList = 61F4C8251EA4BE0000ED1081 /* Build configuration list for PBXNativeTarget "PersonContactsUITests" */;
			buildPhases = (
				61F4C8121EA4BE0000ED1081 /* Sources */,
				61F4C8131EA4BE0000ED1081 /* Frameworks */,
				61F4C8141EA4BE0000ED1081 /* Resources */,
			);
			buildRules = (
			);
			dependencies = (
				61F4C8181EA4BE0000ED1081 /* PBXTargetDependency */,
			);
			name = PersonContactsUITests;
			productName = PersonContactsUITests;
			productReference = 61F4C8161EA4BE0000ED1081 /* PersonContactsUITests.xctest */;
			productType = "com.apple.product-type.bundle.ui-testing";
		};
/* End PBXNativeTarget section */

/* Begin PBXProject section */
		61F4C7EC1EA4BDFF00ED1081 /* Project object */ = {
			isa = PBXProject;
			attributes = {
				LastSwiftUpdateCheck = 0830;
				LastUpgradeCheck = 0830;
				ORGANIZATIONNAME = "Лилия Левина";
				TargetAttributes = {
					61F4C7F31EA4BE0000ED1081 = {
						CreatedOnToolsVersion = 8.3.1;
						DevelopmentTeam = 9A9LR934E6;
						ProvisioningStyle = Automatic;
					};
					61F4C80A1EA4BE0000ED1081 = {
						CreatedOnToolsVersion = 8.3.1;
						DevelopmentTeam = 9A9LR934E6;
						ProvisioningStyle = Automatic;
						TestTargetID = 61F4C7F31EA4BE0000ED1081;
					};
					61F4C8151EA4BE0000ED1081 = {
						CreatedOnToolsVersion = 8.3.1;
						DevelopmentTeam = 9A9LR934E6;
						ProvisioningStyle = Automatic;
						TestTargetID = 61F4C7F31EA4BE0000ED1081;
					};
				};
			};
			buildConfigurationList = 61F4C7EF1EA4BDFF00ED1081 /* Build configuration list for PBXProject "PersonContacts" */;
			compatibilityVersion = "Xcode 3.2";
			developmentRegion = English;
			hasScannedForEncodings = 0;
			knownRegions = (
				en,
				Base,
			);
			mainGroup = 61F4C7EB1EA4BDFF00ED1081;
			productRefGroup = 61F4C7F51EA4BE0000ED1081 /* Products */;
			projectDirPath = "";
			projectRoot = "";
			targets = (
				61F4C7F31EA4BE0000ED1081 /* PersonContacts */,
				61F4C80A1EA4BE0000ED1081 /* PersonContactsTests */,
				61F4C8151EA4BE0000ED1081 /* PersonContactsUITests */,
			);
		};
/* End PBXProject section */

/* Begin PBXResourcesBuildPhase section */
		61F4C7F21EA4BE0000ED1081 /* Resources */ = {
			isa = PBXResourcesBuildPhase;
			buildActionMask = 2147483647;
			files = (
				61F4C8051EA4BE0000ED1081 /* LaunchScreen.storyboard in Resources */,
				61F4C8021EA4BE0000ED1081 /* Assets.xcassets in Resources */,
				61F4C7FD1EA4BE0000ED1081 /* Main.storyboard in Resources */,
			);
			runOnlyForDeploymentPostprocessing = 0;
		};
		61F4C8091EA4BE0000ED1081 /* Resources */ = {
			isa = PBXResourcesBuildPhase;
			buildActionMask = 2147483647;
			files = (
			);
			runOnlyForDeploymentPostprocessing = 0;
		};
		61F4C8141EA4BE0000ED1081 /* Resources */ = {
			isa = PBXResourcesBuildPhase;
			buildActionMask = 2147483647;
			files = (
			);
			runOnlyForDeploymentPostprocessing = 0;
		};
/* End PBXResourcesBuildPhase section */

/* Begin PBXSourcesBuildPhase section */
		61F4C7F01EA4BE0000ED1081 /* Sources */ = {
			isa = PBXSourcesBuildPhase;
			buildActionMask = 2147483647;
			files = (
				61B4B3201EA604C500A2D0E6 /* ContactCells.swift in Sources */,
				61F4C8001EA4BE0000ED1081 /* PersonContacts.xcdatamodeld in Sources */,
				61B4B3911EA8BEB200A2D0E6 /* VCHelper.swift in Sources */,
				61F4C8291EA4BE5B00ED1081 /* ContactsListVCHelper.swift in Sources */,
				61B4B31E1EA6039700A2D0E6 /* DetailViewController.swift in Sources */,
				61B4B31C1EA4CDD500A2D0E6 /* ContactsListViewController.swift in Sources */,
				61F4C7F81EA4BE0000ED1081 /* AppDelegate.swift in Sources */,
				61B4B38F1EA8BD9200A2D0E6 /* DetailVCHelper.swift in Sources */,
			);
			runOnlyForDeploymentPostprocessing = 0;
		};
		61F4C8071EA4BE0000ED1081 /* Sources */ = {
			isa = PBXSourcesBuildPhase;
			buildActionMask = 2147483647;
			files = (
				61F4C8101EA4BE0000ED1081 /* PersonContactsTests.swift in Sources */,
			);
			runOnlyForDeploymentPostprocessing = 0;
		};
		61F4C8121EA4BE0000ED1081 /* Sources */ = {
			isa = PBXSourcesBuildPhase;
			buildActionMask = 2147483647;
			files = (
				61F4C81B1EA4BE0000ED1081 /* PersonContactsUITests.swift in Sources */,
			);
			runOnlyForDeploymentPostprocessing = 0;
		};
/* End PBXSourcesBuildPhase section */

/* Begin PBXTargetDependency section */
		61F4C80D1EA4BE0000ED1081 /* PBXTargetDependency */ = {
			isa = PBXTargetDependency;
			target = 61F4C7F31EA4BE0000ED1081 /* PersonContacts */;
			targetProxy = 61F4C80C1EA4BE0000ED1081 /* PBXContainerItemProxy */;
		};
		61F4C8181EA4BE0000ED1081 /* PBXTargetDependency */ = {
			isa = PBXTargetDependency;
			target = 61F4C7F31EA4BE0000ED1081 /* PersonContacts */;
			targetProxy = 61F4C8171EA4BE0000ED1081 /* PBXContainerItemProxy */;
		};
/* End PBXTargetDependency section */

/* Begin PBXVariantGroup section */
		61F4C7FB1EA4BE0000ED1081 /* Main.storyboard */ = {
			isa = PBXVariantGroup;
			children = (
				61F4C7FC1EA4BE0000ED1081 /* Base */,
			);
			name = Main.storyboard;
			sourceTree = "<group>";
		};
		61F4C8031EA4BE0000ED1081 /* LaunchScreen.storyboard */ = {
			isa = PBXVariantGroup;
			children = (
				61F4C8041EA4BE0000ED1081 /* Base */,
			);
			name = LaunchScreen.storyboard;
			sourceTree = "<group>";
		};
/* End PBXVariantGroup section */

/* Begin XCBuildConfiguration section */
		61F4C81D1EA4BE0000ED1081 /* Debug */ = {
			isa = XCBuildConfiguration;
			buildSettings = {
				ALWAYS_SEARCH_USER_PATHS = NO;
				CLANG_ANALYZER_NONNULL = YES;
				CLANG_ANALYZER_NUMBER_OBJECT_CONVERSION = YES_AGGRESSIVE;
				CLANG_CXX_LANGUAGE_STANDARD = "gnu++0x";
				CLANG_CXX_LIBRARY = "libc++";
				CLANG_ENABLE_MODULES = YES;
				CLANG_ENABLE_OBJC_ARC = YES;
				CLANG_WARN_BOOL_CONVERSION = YES;
				CLANG_WARN_CONSTANT_CONVERSION = YES;
				CLANG_WARN_DIRECT_OBJC_ISA_USAGE = YES_ERROR;
				CLANG_WARN_DOCUMENTATION_COMMENTS = YES;
				CLANG_WARN_EMPTY_BODY = YES;
				CLANG_WARN_ENUM_CONVERSION = YES;
				CLANG_WARN_INFINITE_RECURSION = YES;
				CLANG_WARN_INT_CONVERSION = YES;
				CLANG_WARN_OBJC_ROOT_CLASS = YES_ERROR;
				CLANG_WARN_SUSPICIOUS_MOVE = YES;
				CLANG_WARN_UNREACHABLE_CODE = YES;
				CLANG_WARN__DUPLICATE_METHOD_MATCH = YES;
				"CODE_SIGN_IDENTITY[sdk=iphoneos*]" = "iPhone Developer";
				COPY_PHASE_STRIP = NO;
				DEBUG_INFORMATION_FORMAT = dwarf;
				ENABLE_STRICT_OBJC_MSGSEND = YES;
				ENABLE_TESTABILITY = YES;
				GCC_C_LANGUAGE_STANDARD = gnu99;
				GCC_DYNAMIC_NO_PIC = NO;
				GCC_NO_COMMON_BLOCKS = YES;
				GCC_OPTIMIZATION_LEVEL = 0;
				GCC_PREPROCESSOR_DEFINITIONS = (
					"DEBUG=1",
					"$(inherited)",
				);
				GCC_WARN_64_TO_32_BIT_CONVERSION = YES;
				GCC_WARN_ABOUT_RETURN_TYPE = YES_ERROR;
				GCC_WARN_UNDECLARED_SELECTOR = YES;
				GCC_WARN_UNINITIALIZED_AUTOS = YES_AGGRESSIVE;
				GCC_WARN_UNUSED_FUNCTION = YES;
				GCC_WARN_UNUSED_VARIABLE = YES;
				IPHONEOS_DEPLOYMENT_TARGET = 10.3;
				MTL_ENABLE_DEBUG_INFO = YES;
				ONLY_ACTIVE_ARCH = YES;
				SDKROOT = iphoneos;
				SWIFT_ACTIVE_COMPILATION_CONDITIONS = DEBUG;
				SWIFT_OPTIMIZATION_LEVEL = "-Onone";
				TARGETED_DEVICE_FAMILY = "1,2";
			};
			name = Debug;
		};
		61F4C81E1EA4BE0000ED1081 /* Release */ = {
			isa = XCBuildConfiguration;
			buildSettings = {
				ALWAYS_SEARCH_USER_PATHS = NO;
				CLANG_ANALYZER_NONNULL = YES;
				CLANG_ANALYZER_NUMBER_OBJECT_CONVERSION = YES_AGGRESSIVE;
				CLANG_CXX_LANGUAGE_STANDARD = "gnu++0x";
				CLANG_CXX_LIBRARY = "libc++";
				CLANG_ENABLE_MODULES = YES;
				CLANG_ENABLE_OBJC_ARC = YES;
				CLANG_WARN_BOOL_CONVERSION = YES;
				CLANG_WARN_CONSTANT_CONVERSION = YES;
				CLANG_WARN_DIRECT_OBJC_ISA_USAGE = YES_ERROR;
				CLANG_WARN_DOCUMENTATION_COMMENTS = YES;
				CLANG_WARN_EMPTY_BODY = YES;
				CLANG_WARN_ENUM_CONVERSION = YES;
				CLANG_WARN_INFINITE_RECURSION = YES;
				CLANG_WARN_INT_CONVERSION = YES;
				CLANG_WARN_OBJC_ROOT_CLASS = YES_ERROR;
				CLANG_WARN_SUSPICIOUS_MOVE = YES;
				CLANG_WARN_UNREACHABLE_CODE = YES;
				CLANG_WARN__DUPLICATE_METHOD_MATCH = YES;
				"CODE_SIGN_IDENTITY[sdk=iphoneos*]" = "iPhone Developer";
				COPY_PHASE_STRIP = NO;
				DEBUG_INFORMATION_FORMAT = "dwarf-with-dsym";
				ENABLE_NS_ASSERTIONS = NO;
				ENABLE_STRICT_OBJC_MSGSEND = YES;
				GCC_C_LANGUAGE_STANDARD = gnu99;
				GCC_NO_COMMON_BLOCKS = YES;
				GCC_WARN_64_TO_32_BIT_CONVERSION = YES;
				GCC_WARN_ABOUT_RETURN_TYPE = YES_ERROR;
				GCC_WARN_UNDECLARED_SELECTOR = YES;
				GCC_WARN_UNINITIALIZED_AUTOS = YES_AGGRESSIVE;
				GCC_WARN_UNUSED_FUNCTION = YES;
				GCC_WARN_UNUSED_VARIABLE = YES;
				IPHONEOS_DEPLOYMENT_TARGET = 10.3;
				MTL_ENABLE_DEBUG_INFO = NO;
				SDKROOT = iphoneos;
				SWIFT_OPTIMIZATION_LEVEL = "-Owholemodule";
				TARGETED_DEVICE_FAMILY = "1,2";
				VALIDATE_PRODUCT = YES;
			};
			name = Release;
		};
		61F4C8201EA4BE0000ED1081 /* Debug */ = {
			isa = XCBuildConfiguration;
			buildSettings = {
				ASSETCATALOG_COMPILER_APPICON_NAME = AppIcon;
				DEVELOPMENT_TEAM = 9A9LR934E6;
				INFOPLIST_FILE = PersonContacts/Info.plist;
				LD_RUNPATH_SEARCH_PATHS = "$(inherited) @executable_path/Frameworks";
				PRODUCT_BUNDLE_IDENTIFIER = com.PersonContacts;
				PRODUCT_NAME = "$(TARGET_NAME)";
				SWIFT_VERSION = 3.0;
			};
			name = Debug;
		};
		61F4C8211EA4BE0000ED1081 /* Release */ = {
			isa = XCBuildConfiguration;
			buildSettings = {
				ASSETCATALOG_COMPILER_APPICON_NAME = AppIcon;
				DEVELOPMENT_TEAM = 9A9LR934E6;
				INFOPLIST_FILE = PersonContacts/Info.plist;
				LD_RUNPATH_SEARCH_PATHS = "$(inherited) @executable_path/Frameworks";
				PRODUCT_BUNDLE_IDENTIFIER = com.PersonContacts;
				PRODUCT_NAME = "$(TARGET_NAME)";
				SWIFT_VERSION = 3.0;
			};
			name = Release;
		};
		61F4C8231EA4BE0000ED1081 /* Debug */ = {
			isa = XCBuildConfiguration;
			buildSettings = {
				ALWAYS_EMBED_SWIFT_STANDARD_LIBRARIES = YES;
				BUNDLE_LOADER = "$(TEST_HOST)";
				DEVELOPMENT_TEAM = 9A9LR934E6;
				INFOPLIST_FILE = PersonContactsTests/Info.plist;
				LD_RUNPATH_SEARCH_PATHS = "$(inherited) @executable_path/Frameworks @loader_path/Frameworks";
				PRODUCT_BUNDLE_IDENTIFIER = com.PersonContactsTests;
				PRODUCT_NAME = "$(TARGET_NAME)";
				SWIFT_VERSION = 3.0;
				TEST_HOST = "$(BUILT_PRODUCTS_DIR)/PersonContacts.app/PersonContacts";
			};
			name = Debug;
		};
		61F4C8241EA4BE0000ED1081 /* Release */ = {
			isa = XCBuildConfiguration;
			buildSettings = {
				ALWAYS_EMBED_SWIFT_STANDARD_LIBRARIES = YES;
				BUNDLE_LOADER = "$(TEST_HOST)";
				DEVELOPMENT_TEAM = 9A9LR934E6;
				INFOPLIST_FILE = PersonContactsTests/Info.plist;
				LD_RUNPATH_SEARCH_PATHS = "$(inherited) @executable_path/Frameworks @loader_path/Frameworks";
				PRODUCT_BUNDLE_IDENTIFIER = com.PersonContactsTests;
				PRODUCT_NAME = "$(TARGET_NAME)";
				SWIFT_VERSION = 3.0;
				TEST_HOST = "$(BUILT_PRODUCTS_DIR)/PersonContacts.app/PersonContacts";
			};
			name = Release;
		};
		61F4C8261EA4BE0000ED1081 /* Debug */ = {
			isa = XCBuildConfiguration;
			buildSettings = {
				ALWAYS_EMBED_SWIFT_STANDARD_LIBRARIES = YES;
				DEVELOPMENT_TEAM = 9A9LR934E6;
				INFOPLIST_FILE = PersonContactsUITests/Info.plist;
				LD_RUNPATH_SEARCH_PATHS = "$(inherited) @executable_path/Frameworks @loader_path/Frameworks";
				PRODUCT_BUNDLE_IDENTIFIER = com.PersonContactsUITests;
				PRODUCT_NAME = "$(TARGET_NAME)";
				SWIFT_VERSION = 3.0;
				TEST_TARGET_NAME = PersonContacts;
			};
			name = Debug;
		};
		61F4C8271EA4BE0000ED1081 /* Release */ = {
			isa = XCBuildConfiguration;
			buildSettings = {
				ALWAYS_EMBED_SWIFT_STANDARD_LIBRARIES = YES;
				DEVELOPMENT_TEAM = 9A9LR934E6;
				INFOPLIST_FILE = PersonContactsUITests/Info.plist;
				LD_RUNPATH_SEARCH_PATHS = "$(inherited) @executable_path/Frameworks @loader_path/Frameworks";
				PRODUCT_BUNDLE_IDENTIFIER = com.PersonContactsUITests;
				PRODUCT_NAME = "$(TARGET_NAME)";
				SWIFT_VERSION = 3.0;
				TEST_TARGET_NAME = PersonContacts;
			};
			name = Release;
		};
/* End XCBuildConfiguration section */

/* Begin XCConfigurationList section */
		61F4C7EF1EA4BDFF00ED1081 /* Build configuration list for PBXProject "PersonContacts" */ = {
			isa = XCConfigurationList;
			buildConfigurations = (
				61F4C81D1EA4BE0000ED1081 /* Debug */,
				61F4C81E1EA4BE0000ED1081 /* Release */,
			);
			defaultConfigurationIsVisible = 0;
			defaultConfigurationName = Release;
		};
		61F4C81F1EA4BE0000ED1081 /* Build configuration list for PBXNativeTarget "PersonContacts" */ = {
			isa = XCConfigurationList;
			buildConfigurations = (
				61F4C8201EA4BE0000ED1081 /* Debug */,
				61F4C8211EA4BE0000ED1081 /* Release */,
			);
			defaultConfigurationIsVisible = 0;
			defaultConfigurationName = Release;
		};
		61F4C8221EA4BE0000ED1081 /* Build configuration list for PBXNativeTarget "PersonContactsTests" */ = {
			isa = XCConfigurationList;
			buildConfigurations = (
				61F4C8231EA4BE0000ED1081 /* Debug */,
				61F4C8241EA4BE0000ED1081 /* Release */,
			);
			defaultConfigurationIsVisible = 0;
			defaultConfigurationName = Release;
		};
		61F4C8251EA4BE0000ED1081 /* Build configuration list for PBXNativeTarget "PersonContactsUITests" */ = {
			isa = XCConfigurationList;
			buildConfigurations = (
				61F4C8261EA4BE0000ED1081 /* Debug */,
				61F4C8271EA4BE0000ED1081 /* Release */,
			);
			defaultConfigurationIsVisible = 0;
			defaultConfigurationName = Release;
		};
/* End XCConfigurationList section */

/* Begin XCVersionGroup section */
		61F4C7FE1EA4BE0000ED1081 /* PersonContacts.xcdatamodeld */ = {
			isa = XCVersionGroup;
			children = (
				61F4C7FF1EA4BE0000ED1081 /* PersonContacts.xcdatamodel */,
			);
			currentVersion = 61F4C7FF1EA4BE0000ED1081 /* PersonContacts.xcdatamodel */;
			path = PersonContacts.xcdatamodeld;
			sourceTree = "<group>";
			versionGroupType = wrapper.xcdatamodel;
		};
/* End XCVersionGroup section */
	};
	rootObject = 61F4C7EC1EA4BDFF00ED1081 /* Project object */;
}
